
Microsoft Visual Studio Solution File, Format Version 12.00
# Visual Studio Version 16
VisualStudioVersion = 16.0.29411.138
MinimumVisualStudioVersion = 10.0.40219.1
Project("{FAE04EC0-301F-11D3-BF4B-00C04F79EFBC}") = "CLI Annotator", "CLI Annotator\CLI Annotator.csproj", "{D5701B70-98AA-49BB-B65F-DC0AA6D42B92}"
EndProject
Global
	GlobalSection(SolutionConfigurationPlatforms) = preSolution
		Debug|Any CPU = Debug|Any CPU
		Release|Any CPU = Release|Any CPU
	EndGlobalSection
	GlobalSection(ProjectConfigurationPlatforms) = postSolution
		{D5701B70-98AA-49BB-B65F-DC0AA6D42B92}.Debug|Any CPU.ActiveCfg = Debug|Any CPU
		{D5701B70-98AA-49BB-B65F-DC0AA6D42B92}.Debug|Any CPU.Build.0 = Debug|Any CPU
		{D5701B70-98AA-49BB-B65F-DC0AA6D42B92}.Release|Any CPU.ActiveCfg = Release|Any CPU
		{D5701B70-98AA-49BB-B65F-DC0AA6D42B92}.Release|Any CPU.Build.0 = Release|Any CPU
	EndGlobalSection
	GlobalSection(SolutionProperties) = preSolution
		HideSolutionNode = FALSE
	EndGlobalSection
	GlobalSection(ExtensibilityGlobals) = postSolution
		SolutionGuid = {DC0DB9D8-6662-45A8-97A0-A0C92897A6BD}
	EndGlobalSection
EndGlobal
